
Microsoft Visual Studio Solution File, Format Version 12.00
# Visual Studio 14
VisualStudioVersion = 14.0.23107.0
MinimumVisualStudioVersion = 10.0.40219.1
Project("{2150E333-8FDC-42A3-9474-1A3956D46DE8}") = "Solution Items", "Solution Items", "{2AF55F73-4FE0-46B1-B5C4-534F028A90C1}"
	ProjectSection(SolutionItems) = preProject
		..\build.cmd = ..\build.cmd
		..\build.proj = ..\build.proj
		..\build\build.targets = ..\build\build.targets
		..\packages.config = ..\packages.config
	EndProjectSection
EndProject
Project("{FAE04EC0-301F-11D3-BF4B-00C04F79EFBC}") = "Xunit.Vsix", "Xunit.Vsix\Xunit.Vsix.csproj", "{EA6250CB-F20A-4B92-AC35-365D902C225F}"
EndProject
Project("{FAE04EC0-301F-11D3-BF4B-00C04F79EFBC}") = "Xunit.Vsix.Tests", "Xunit.Vsix.Tests\Xunit.Vsix.Tests.csproj", "{D1B1C34C-EF09-463A-9C55-CCCC249F9BBE}"
EndProject
Project("{2150E333-8FDC-42A3-9474-1A3956D46DE8}") = "Package", "Package", "{FB4FD484-8321-4FED-BEDB-3D6FED1351FC}"
	ProjectSection(SolutionItems) = preProject
		Package\xunit.vsix.nuspec = Package\xunit.vsix.nuspec
	EndProjectSection
EndProject
Project("{2150E333-8FDC-42A3-9474-1A3956D46DE8}") = "build", "build", "{595A9F47-1615-4FC3-9B20-E08FA47F9DC0}"
	ProjectSection(SolutionItems) = preProject
		Package\build\xunit.vsix.targets = Package\build\xunit.vsix.targets
	EndProjectSection
EndProject
Project("{8BC9CEB8-8B4A-11D0-8D11-00A0C91BC942}") = "Xunit.Vsix.Bootstrap", "Xunit.Vsix.Bootstrap\Xunit.Vsix.Bootstrap.vcxproj", "{8072B47B-5611-4BAB-8EF4-CB3125D676A5}"
EndProject
Global
	GlobalSection(SolutionConfigurationPlatforms) = preSolution
		Debug|Any CPU = Debug|Any CPU
		Debug|Mixed Platforms = Debug|Mixed Platforms
		Debug|Win32 = Debug|Win32
		Debug|x86 = Debug|x86
		Release|Any CPU = Release|Any CPU
		Release|Mixed Platforms = Release|Mixed Platforms
		Release|Win32 = Release|Win32
		Release|x86 = Release|x86
	EndGlobalSection
	GlobalSection(ProjectConfigurationPlatforms) = postSolution
		{EA6250CB-F20A-4B92-AC35-365D902C225F}.Debug|Any CPU.ActiveCfg = Debug|Any CPU
		{EA6250CB-F20A-4B92-AC35-365D902C225F}.Debug|Any CPU.Build.0 = Debug|Any CPU
		{EA6250CB-F20A-4B92-AC35-365D902C225F}.Debug|Mixed Platforms.ActiveCfg = Debug|Any CPU
		{EA6250CB-F20A-4B92-AC35-365D902C225F}.Debug|Mixed Platforms.Build.0 = Debug|Any CPU
		{EA6250CB-F20A-4B92-AC35-365D902C225F}.Debug|Win32.ActiveCfg = Debug|Any CPU
		{EA6250CB-F20A-4B92-AC35-365D902C225F}.Debug|x86.ActiveCfg = Debug|Any CPU
		{EA6250CB-F20A-4B92-AC35-365D902C225F}.Debug|x86.Build.0 = Debug|Any CPU
		{EA6250CB-F20A-4B92-AC35-365D902C225F}.Release|Any CPU.ActiveCfg = Release|Any CPU
		{EA6250CB-F20A-4B92-AC35-365D902C225F}.Release|Any CPU.Build.0 = Release|Any CPU
		{EA6250CB-F20A-4B92-AC35-365D902C225F}.Release|Mixed Platforms.ActiveCfg = Release|Any CPU
		{EA6250CB-F20A-4B92-AC35-365D902C225F}.Release|Mixed Platforms.Build.0 = Release|Any CPU
		{EA6250CB-F20A-4B92-AC35-365D902C225F}.Release|Win32.ActiveCfg = Release|Any CPU
		{EA6250CB-F20A-4B92-AC35-365D902C225F}.Release|x86.ActiveCfg = Release|Any CPU
		{EA6250CB-F20A-4B92-AC35-365D902C225F}.Release|x86.Build.0 = Release|Any CPU
		{D1B1C34C-EF09-463A-9C55-CCCC249F9BBE}.Debug|Any CPU.ActiveCfg = Debug|Any CPU
		{D1B1C34C-EF09-463A-9C55-CCCC249F9BBE}.Debug|Any CPU.Build.0 = Debug|Any CPU
		{D1B1C34C-EF09-463A-9C55-CCCC249F9BBE}.Debug|Mixed Platforms.ActiveCfg = Debug|Any CPU
		{D1B1C34C-EF09-463A-9C55-CCCC249F9BBE}.Debug|Mixed Platforms.Build.0 = Debug|Any CPU
		{D1B1C34C-EF09-463A-9C55-CCCC249F9BBE}.Debug|Win32.ActiveCfg = Debug|Any CPU
		{D1B1C34C-EF09-463A-9C55-CCCC249F9BBE}.Debug|x86.ActiveCfg = Debug|Any CPU
		{D1B1C34C-EF09-463A-9C55-CCCC249F9BBE}.Debug|x86.Build.0 = Debug|Any CPU
		{D1B1C34C-EF09-463A-9C55-CCCC249F9BBE}.Release|Any CPU.ActiveCfg = Release|Any CPU
		{D1B1C34C-EF09-463A-9C55-CCCC249F9BBE}.Release|Any CPU.Build.0 = Release|Any CPU
		{D1B1C34C-EF09-463A-9C55-CCCC249F9BBE}.Release|Mixed Platforms.ActiveCfg = Release|Any CPU
		{D1B1C34C-EF09-463A-9C55-CCCC249F9BBE}.Release|Mixed Platforms.Build.0 = Release|Any CPU
		{D1B1C34C-EF09-463A-9C55-CCCC249F9BBE}.Release|Win32.ActiveCfg = Release|Any CPU
		{D1B1C34C-EF09-463A-9C55-CCCC249F9BBE}.Release|x86.ActiveCfg = Release|Any CPU
		{D1B1C34C-EF09-463A-9C55-CCCC249F9BBE}.Release|x86.Build.0 = Release|Any CPU
		{8072B47B-5611-4BAB-8EF4-CB3125D676A5}.Debug|Any CPU.ActiveCfg = Debug|Win32
		{8072B47B-5611-4BAB-8EF4-CB3125D676A5}.Debug|Mixed Platforms.ActiveCfg = Debug|Win32
		{8072B47B-5611-4BAB-8EF4-CB3125D676A5}.Debug|Mixed Platforms.Build.0 = Debug|Win32
		{8072B47B-5611-4BAB-8EF4-CB3125D676A5}.Debug|Win32.ActiveCfg = Debug|Win32
		{8072B47B-5611-4BAB-8EF4-CB3125D676A5}.Debug|Win32.Build.0 = Debug|Win32
		{8072B47B-5611-4BAB-8EF4-CB3125D676A5}.Debug|x86.ActiveCfg = Debug|Win32
		{8072B47B-5611-4BAB-8EF4-CB3125D676A5}.Debug|x86.Build.0 = Debug|Win32
		{8072B47B-5611-4BAB-8EF4-CB3125D676A5}.Release|Any CPU.ActiveCfg = Release|Win32
		{8072B47B-5611-4BAB-8EF4-CB3125D676A5}.Release|Mixed Platforms.ActiveCfg = Release|Win32
		{8072B47B-5611-4BAB-8EF4-CB3125D676A5}.Release|Mixed Platforms.Build.0 = Release|Win32
		{8072B47B-5611-4BAB-8EF4-CB3125D676A5}.Release|Win32.ActiveCfg = Release|Win32
		{8072B47B-5611-4BAB-8EF4-CB3125D676A5}.Release|Win32.Build.0 = Release|Win32
		{8072B47B-5611-4BAB-8EF4-CB3125D676A5}.Release|x86.ActiveCfg = Release|Win32
		{8072B47B-5611-4BAB-8EF4-CB3125D676A5}.Release|x86.Build.0 = Release|Win32
	EndGlobalSection
	GlobalSection(SolutionProperties) = preSolution
		HideSolutionNode = FALSE
	EndGlobalSection
	GlobalSection(NestedProjects) = preSolution
		{595A9F47-1615-4FC3-9B20-E08FA47F9DC0} = {FB4FD484-8321-4FED-BEDB-3D6FED1351FC}
	EndGlobalSection
EndGlobal
